
Microsoft Visual Studio Solution File, Format Version 12.00
# Visual Studio Version 17
VisualStudioVersion = 17.8.34330.188
MinimumVisualStudioVersion = 10.0.40219.1
Project("{FAE04EC0-301F-11D3-BF4B-00C04F79EFBC}") = "BiggerChest", "StardewValleyMod\BiggerChest.csproj", "{DE3CECF4-1C6D-485E-BC74-96CA97FB8D9F}"
EndProject
Global
	GlobalSection(SolutionConfigurationPlatforms) = preSolution
		Debug|Any CPU = Debug|Any CPU
		Release|Any CPU = Release|Any CPU
	EndGlobalSection
	GlobalSection(ProjectConfigurationPlatforms) = postSolution
		{DE3CECF4-1C6D-485E-BC74-96CA97FB8D9F}.Debug|Any CPU.ActiveCfg = Debug|Any CPU
		{DE3CECF4-1C6D-485E-BC74-96CA97FB8D9F}.Debug|Any CPU.Build.0 = Debug|Any CPU
		{DE3CECF4-1C6D-485E-BC74-96CA97FB8D9F}.Release|Any CPU.ActiveCfg = Release|Any CPU
		{DE3CECF4-1C6D-485E-BC74-96CA97FB8D9F}.Release|Any CPU.Build.0 = Release|Any CPU
	EndGlobalSection
	GlobalSection(SolutionProperties) = preSolution
		HideSolutionNode = FALSE
	EndGlobalSection
	GlobalSection(ExtensibilityGlobals) = postSolution
		SolutionGuid = {D918EF18-B160-4D9C-B214-C0352CABAF89}
	EndGlobalSection
EndGlobal
